
Microsoft Visual Studio Solution File, Format Version 12.00
# Visual Studio Version 16
VisualStudioVersion = 16.0.32228.343
MinimumVisualStudioVersion = 10.0.40219.1
Project("{9A19103F-16F7-4668-BE54-9A1E7A4F7556}") = "POCIdentity", "POCIdentity.csproj", "{6B15D051-BDBA-4701-8DCB-63283C184C73}"
EndProject
Global
	GlobalSection(SolutionConfigurationPlatforms) = preSolution
		Debug|Any CPU = Debug|Any CPU
		Release|Any CPU = Release|Any CPU
	EndGlobalSection
	GlobalSection(ProjectConfigurationPlatforms) = postSolution
		{6B15D051-BDBA-4701-8DCB-63283C184C73}.Debug|Any CPU.ActiveCfg = Debug|Any CPU
		{6B15D051-BDBA-4701-8DCB-63283C184C73}.Debug|Any CPU.Build.0 = Debug|Any CPU
		{6B15D051-BDBA-4701-8DCB-63283C184C73}.Release|Any CPU.ActiveCfg = Release|Any CPU
		{6B15D051-BDBA-4701-8DCB-63283C184C73}.Release|Any CPU.Build.0 = Release|Any CPU
	EndGlobalSection
	GlobalSection(SolutionProperties) = preSolution
		HideSolutionNode = FALSE
	EndGlobalSection
	GlobalSection(ExtensibilityGlobals) = postSolution
		SolutionGuid = {261B2C16-74CB-4F64-A36D-954A1A902A87}
	EndGlobalSection
EndGlobal
